
Microsoft Visual Studio Solution File, Format Version 12.00
# Visual Studio Version 17
Project("{2150E333-8FDC-42A3-9474-1A3956D46DE8}") = "CMakePredefinedTargets", "CMakePredefinedTargets", "{6B3D25FB-B5DE-3509-A7BD-BABB1842CB5A}"
EndProject
Project("{2150E333-8FDC-42A3-9474-1A3956D46DE8}") = "External", "External", "{368679E5-BF65-3476-B659-F9D69566C0FD}"
EndProject
Project("{2150E333-8FDC-42A3-9474-1A3956D46DE8}") = "Internal", "Internal", "{007A64EF-5303-3F53-A74C-3D78A3B65FF9}"
EndProject
Project("{8BC9CEB8-8B4A-11D0-8D11-00A0C91BC942}") = "ALL_BUILD", "ALL_BUILD.vcxproj", "{CF3E9ECE-7A2C-3F05-B321-5500828C5A61}"
	ProjectSection(ProjectDependencies) = postProject
		{F8C502BC-4930-3504-BBD7-65C1F5898456} = {F8C502BC-4930-3504-BBD7-65C1F5898456}
		{7047961B-5097-308A-9973-4CD37C512672} = {7047961B-5097-308A-9973-4CD37C512672}
		{43AFC128-84D7-3304-8160-A849E3AD81BD} = {43AFC128-84D7-3304-8160-A849E3AD81BD}
		{85A939BE-505E-36F0-B687-45FFD5873FEE} = {85A939BE-505E-36F0-B687-45FFD5873FEE}
		{5DF980DC-3609-3EFE-A297-28EB428D5DC3} = {5DF980DC-3609-3EFE-A297-28EB428D5DC3}
		{FC937455-0B7F-360D-B234-00C96A448F9F} = {FC937455-0B7F-360D-B234-00C96A448F9F}
		{4F8F01E4-4C3B-386D-8390-A77D8149EE76} = {4F8F01E4-4C3B-386D-8390-A77D8149EE76}
		{29DD4F30-3AE3-3396-9043-42A40C03F922} = {29DD4F30-3AE3-3396-9043-42A40C03F922}
		{9E08A71A-1CDA-3841-A38C-205280E6A591} = {9E08A71A-1CDA-3841-A38C-205280E6A591}
		{2F6B29BC-E8B6-3167-9D08-DA48B054043E} = {2F6B29BC-E8B6-3167-9D08-DA48B054043E}
		{87197A4B-DC0F-3D4D-B2B2-43DE944F94EC} = {87197A4B-DC0F-3D4D-B2B2-43DE944F94EC}
		{AE8F5553-BA4C-33CA-B5AD-3C6BA928288E} = {AE8F5553-BA4C-33CA-B5AD-3C6BA928288E}
		{323DF171-BE02-3E08-B68B-B891965F84A4} = {323DF171-BE02-3E08-B68B-B891965F84A4}
	EndProjectSection
EndProject
Project("{8BC9CEB8-8B4A-11D0-8D11-00A0C91BC942}") = "ZERO_CHECK", "..\..\..\\ZERO_CHECK.vcxproj", "{F8C502BC-4930-3504-BBD7-65C1F5898456}"
	ProjectSection(ProjectDependencies) = postProject
	EndProjectSection
EndProject
Project("{8BC9CEB8-8B4A-11D0-8D11-00A0C91BC942}") = "cocos2d", "cocos2d.vcxproj", "{7047961B-5097-308A-9973-4CD37C512672}"
	ProjectSection(ProjectDependencies) = postProject
		{F8C502BC-4930-3504-BBD7-65C1F5898456} = {F8C502BC-4930-3504-BBD7-65C1F5898456}
		{43AFC128-84D7-3304-8160-A849E3AD81BD} = {43AFC128-84D7-3304-8160-A849E3AD81BD}
		{85A939BE-505E-36F0-B687-45FFD5873FEE} = {85A939BE-505E-36F0-B687-45FFD5873FEE}
		{5DF980DC-3609-3EFE-A297-28EB428D5DC3} = {5DF980DC-3609-3EFE-A297-28EB428D5DC3}
		{FC937455-0B7F-360D-B234-00C96A448F9F} = {FC937455-0B7F-360D-B234-00C96A448F9F}
		{4F8F01E4-4C3B-386D-8390-A77D8149EE76} = {4F8F01E4-4C3B-386D-8390-A77D8149EE76}
		{29DD4F30-3AE3-3396-9043-42A40C03F922} = {29DD4F30-3AE3-3396-9043-42A40C03F922}
		{9E08A71A-1CDA-3841-A38C-205280E6A591} = {9E08A71A-1CDA-3841-A38C-205280E6A591}
		{2F6B29BC-E8B6-3167-9D08-DA48B054043E} = {2F6B29BC-E8B6-3167-9D08-DA48B054043E}
		{87197A4B-DC0F-3D4D-B2B2-43DE944F94EC} = {87197A4B-DC0F-3D4D-B2B2-43DE944F94EC}
		{AE8F5553-BA4C-33CA-B5AD-3C6BA928288E} = {AE8F5553-BA4C-33CA-B5AD-3C6BA928288E}
		{323DF171-BE02-3E08-B68B-B891965F84A4} = {323DF171-BE02-3E08-B68B-B891965F84A4}
	EndProjectSection
EndProject
Project("{8BC9CEB8-8B4A-11D0-8D11-00A0C91BC942}") = "ext_clipper", "..\..\external\clipper\ext_clipper.vcxproj", "{43AFC128-84D7-3304-8160-A849E3AD81BD}"
	ProjectSection(ProjectDependencies) = postProject
		{F8C502BC-4930-3504-BBD7-65C1F5898456} = {F8C502BC-4930-3504-BBD7-65C1F5898456}
	EndProjectSection
EndProject
Project("{8BC9CEB8-8B4A-11D0-8D11-00A0C91BC942}") = "ext_convertUTF", "..\..\external\ConvertUTF\ext_convertUTF.vcxproj", "{85A939BE-505E-36F0-B687-45FFD5873FEE}"
	ProjectSection(ProjectDependencies) = postProject
		{F8C502BC-4930-3504-BBD7-65C1F5898456} = {F8C502BC-4930-3504-BBD7-65C1F5898456}
	EndProjectSection
EndProject
Project("{8BC9CEB8-8B4A-11D0-8D11-00A0C91BC942}") = "ext_edtaa3func", "..\..\external\edtaa3func\ext_edtaa3func.vcxproj", "{5DF980DC-3609-3EFE-A297-28EB428D5DC3}"
	ProjectSection(ProjectDependencies) = postProject
		{F8C502BC-4930-3504-BBD7-65C1F5898456} = {F8C502BC-4930-3504-BBD7-65C1F5898456}
	EndProjectSection
EndProject
Project("{8BC9CEB8-8B4A-11D0-8D11-00A0C91BC942}") = "ext_md5", "..\..\external\md5\ext_md5.vcxproj", "{FC937455-0B7F-360D-B234-00C96A448F9F}"
	ProjectSection(ProjectDependencies) = postProject
		{F8C502BC-4930-3504-BBD7-65C1F5898456} = {F8C502BC-4930-3504-BBD7-65C1F5898456}
	EndProjectSection
EndProject
Project("{8BC9CEB8-8B4A-11D0-8D11-00A0C91BC942}") = "ext_poly2tri", "..\..\external\poly2tri\ext_poly2tri.vcxproj", "{4F8F01E4-4C3B-386D-8390-A77D8149EE76}"
	ProjectSection(ProjectDependencies) = postProject
		{F8C502BC-4930-3504-BBD7-65C1F5898456} = {F8C502BC-4930-3504-BBD7-65C1F5898456}
	EndProjectSection
EndProject
Project("{8BC9CEB8-8B4A-11D0-8D11-00A0C91BC942}") = "ext_recast", "..\..\external\recast\ext_recast.vcxproj", "{29DD4F30-3AE3-3396-9043-42A40C03F922}"
	ProjectSection(ProjectDependencies) = postProject
		{F8C502BC-4930-3504-BBD7-65C1F5898456} = {F8C502BC-4930-3504-BBD7-65C1F5898456}
	EndProjectSection
EndProject
Project("{8BC9CEB8-8B4A-11D0-8D11-00A0C91BC942}") = "ext_tinyxml2", "..\..\external\tinyxml2\ext_tinyxml2.vcxproj", "{9E08A71A-1CDA-3841-A38C-205280E6A591}"
	ProjectSection(ProjectDependencies) = postProject
		{F8C502BC-4930-3504-BBD7-65C1F5898456} = {F8C502BC-4930-3504-BBD7-65C1F5898456}
	EndProjectSection
EndProject
Project("{8BC9CEB8-8B4A-11D0-8D11-00A0C91BC942}") = "ext_unzip", "..\..\external\unzip\ext_unzip.vcxproj", "{2F6B29BC-E8B6-3167-9D08-DA48B054043E}"
	ProjectSection(ProjectDependencies) = postProject
		{F8C502BC-4930-3504-BBD7-65C1F5898456} = {F8C502BC-4930-3504-BBD7-65C1F5898456}
	EndProjectSection
EndProject
Project("{8BC9CEB8-8B4A-11D0-8D11-00A0C91BC942}") = "ext_xxhash", "..\..\external\xxhash\ext_xxhash.vcxproj", "{87197A4B-DC0F-3D4D-B2B2-43DE944F94EC}"
	ProjectSection(ProjectDependencies) = postProject
		{F8C502BC-4930-3504-BBD7-65C1F5898456} = {F8C502BC-4930-3504-BBD7-65C1F5898456}
	EndProjectSection
EndProject
Project("{8BC9CEB8-8B4A-11D0-8D11-00A0C91BC942}") = "ext_xxtea", "..\..\external\xxtea\ext_xxtea.vcxproj", "{AE8F5553-BA4C-33CA-B5AD-3C6BA928288E}"
	ProjectSection(ProjectDependencies) = postProject
		{F8C502BC-4930-3504-BBD7-65C1F5898456} = {F8C502BC-4930-3504-BBD7-65C1F5898456}
	EndProjectSection
EndProject
Project("{8BC9CEB8-8B4A-11D0-8D11-00A0C91BC942}") = "external", "..\..\external\external.vcxproj", "{323DF171-BE02-3E08-B68B-B891965F84A4}"
	ProjectSection(ProjectDependencies) = postProject
		{F8C502BC-4930-3504-BBD7-65C1F5898456} = {F8C502BC-4930-3504-BBD7-65C1F5898456}
		{43AFC128-84D7-3304-8160-A849E3AD81BD} = {43AFC128-84D7-3304-8160-A849E3AD81BD}
		{85A939BE-505E-36F0-B687-45FFD5873FEE} = {85A939BE-505E-36F0-B687-45FFD5873FEE}
		{5DF980DC-3609-3EFE-A297-28EB428D5DC3} = {5DF980DC-3609-3EFE-A297-28EB428D5DC3}
		{FC937455-0B7F-360D-B234-00C96A448F9F} = {FC937455-0B7F-360D-B234-00C96A448F9F}
		{4F8F01E4-4C3B-386D-8390-A77D8149EE76} = {4F8F01E4-4C3B-386D-8390-A77D8149EE76}
		{29DD4F30-3AE3-3396-9043-42A40C03F922} = {29DD4F30-3AE3-3396-9043-42A40C03F922}
		{9E08A71A-1CDA-3841-A38C-205280E6A591} = {9E08A71A-1CDA-3841-A38C-205280E6A591}
		{2F6B29BC-E8B6-3167-9D08-DA48B054043E} = {2F6B29BC-E8B6-3167-9D08-DA48B054043E}
		{87197A4B-DC0F-3D4D-B2B2-43DE944F94EC} = {87197A4B-DC0F-3D4D-B2B2-43DE944F94EC}
		{AE8F5553-BA4C-33CA-B5AD-3C6BA928288E} = {AE8F5553-BA4C-33CA-B5AD-3C6BA928288E}
	EndProjectSection
EndProject
Global
	GlobalSection(SolutionConfigurationPlatforms) = preSolution
		Debug|Win32 = Debug|Win32
		Release|Win32 = Release|Win32
		MinSizeRel|Win32 = MinSizeRel|Win32
		RelWithDebInfo|Win32 = RelWithDebInfo|Win32
	EndGlobalSection
	GlobalSection(ProjectConfigurationPlatforms) = postSolution
		{CF3E9ECE-7A2C-3F05-B321-5500828C5A61}.Debug|Win32.ActiveCfg = Debug|Win32
		{CF3E9ECE-7A2C-3F05-B321-5500828C5A61}.Release|Win32.ActiveCfg = Release|Win32
		{CF3E9ECE-7A2C-3F05-B321-5500828C5A61}.MinSizeRel|Win32.ActiveCfg = MinSizeRel|Win32
		{CF3E9ECE-7A2C-3F05-B321-5500828C5A61}.RelWithDebInfo|Win32.ActiveCfg = RelWithDebInfo|Win32
		{F8C502BC-4930-3504-BBD7-65C1F5898456}.Debug|Win32.ActiveCfg = Debug|Win32
		{F8C502BC-4930-3504-BBD7-65C1F5898456}.Debug|Win32.Build.0 = Debug|Win32
		{F8C502BC-4930-3504-BBD7-65C1F5898456}.Release|Win32.ActiveCfg = Release|Win32
		{F8C502BC-4930-3504-BBD7-65C1F5898456}.Release|Win32.Build.0 = Release|Win32
		{F8C502BC-4930-3504-BBD7-65C1F5898456}.MinSizeRel|Win32.ActiveCfg = MinSizeRel|Win32
		{F8C502BC-4930-3504-BBD7-65C1F5898456}.MinSizeRel|Win32.Build.0 = MinSizeRel|Win32
		{F8C502BC-4930-3504-BBD7-65C1F5898456}.RelWithDebInfo|Win32.ActiveCfg = RelWithDebInfo|Win32
		{F8C502BC-4930-3504-BBD7-65C1F5898456}.RelWithDebInfo|Win32.Build.0 = RelWithDebInfo|Win32
		{7047961B-5097-308A-9973-4CD37C512672}.Debug|Win32.ActiveCfg = Debug|Win32
		{7047961B-5097-308A-9973-4CD37C512672}.Debug|Win32.Build.0 = Debug|Win32
		{7047961B-5097-308A-9973-4CD37C512672}.Release|Win32.ActiveCfg = Release|Win32
		{7047961B-5097-308A-9973-4CD37C512672}.Release|Win32.Build.0 = Release|Win32
		{7047961B-5097-308A-9973-4CD37C512672}.MinSizeRel|Win32.ActiveCfg = MinSizeRel|Win32
		{7047961B-5097-308A-9973-4CD37C512672}.MinSizeRel|Win32.Build.0 = MinSizeRel|Win32
		{7047961B-5097-308A-9973-4CD37C512672}.RelWithDebInfo|Win32.ActiveCfg = RelWithDebInfo|Win32
		{7047961B-5097-308A-9973-4CD37C512672}.RelWithDebInfo|Win32.Build.0 = RelWithDebInfo|Win32
		{43AFC128-84D7-3304-8160-A849E3AD81BD}.Debug|Win32.ActiveCfg = Debug|Win32
		{43AFC128-84D7-3304-8160-A849E3AD81BD}.Debug|Win32.Build.0 = Debug|Win32
		{43AFC128-84D7-3304-8160-A849E3AD81BD}.Release|Win32.ActiveCfg = Release|Win32
		{43AFC128-84D7-3304-8160-A849E3AD81BD}.Release|Win32.Build.0 = Release|Win32
		{43AFC128-84D7-3304-8160-A849E3AD81BD}.MinSizeRel|Win32.ActiveCfg = MinSizeRel|Win32
		{43AFC128-84D7-3304-8160-A849E3AD81BD}.MinSizeRel|Win32.Build.0 = MinSizeRel|Win32
		{43AFC128-84D7-3304-8160-A849E3AD81BD}.RelWithDebInfo|Win32.ActiveCfg = RelWithDebInfo|Win32
		{43AFC128-84D7-3304-8160-A849E3AD81BD}.RelWithDebInfo|Win32.Build.0 = RelWithDebInfo|Win32
		{85A939BE-505E-36F0-B687-45FFD5873FEE}.Debug|Win32.ActiveCfg = Debug|Win32
		{85A939BE-505E-36F0-B687-45FFD5873FEE}.Debug|Win32.Build.0 = Debug|Win32
		{85A939BE-505E-36F0-B687-45FFD5873FEE}.Release|Win32.ActiveCfg = Release|Win32
		{85A939BE-505E-36F0-B687-45FFD5873FEE}.Release|Win32.Build.0 = Release|Win32
		{85A939BE-505E-36F0-B687-45FFD5873FEE}.MinSizeRel|Win32.ActiveCfg = MinSizeRel|Win32
		{85A939BE-505E-36F0-B687-45FFD5873FEE}.MinSizeRel|Win32.Build.0 = MinSizeRel|Win32
		{85A939BE-505E-36F0-B687-45FFD5873FEE}.RelWithDebInfo|Win32.ActiveCfg = RelWithDebInfo|Win32
		{85A939BE-505E-36F0-B687-45FFD5873FEE}.RelWithDebInfo|Win32.Build.0 = RelWithDebInfo|Win32
		{5DF980DC-3609-3EFE-A297-28EB428D5DC3}.Debug|Win32.ActiveCfg = Debug|Win32
		{5DF980DC-3609-3EFE-A297-28EB428D5DC3}.Debug|Win32.Build.0 = Debug|Win32
		{5DF980DC-3609-3EFE-A297-28EB428D5DC3}.Release|Win32.ActiveCfg = Release|Win32
		{5DF980DC-3609-3EFE-A297-28EB428D5DC3}.Release|Win32.Build.0 = Release|Win32
		{5DF980DC-3609-3EFE-A297-28EB428D5DC3}.MinSizeRel|Win32.ActiveCfg = MinSizeRel|Win32
		{5DF980DC-3609-3EFE-A297-28EB428D5DC3}.MinSizeRel|Win32.Build.0 = MinSizeRel|Win32
		{5DF980DC-3609-3EFE-A297-28EB428D5DC3}.RelWithDebInfo|Win32.ActiveCfg = RelWithDebInfo|Win32
		{5DF980DC-3609-3EFE-A297-28EB428D5DC3}.RelWithDebInfo|Win32.Build.0 = RelWithDebInfo|Win32
		{FC937455-0B7F-360D-B234-00C96A448F9F}.Debug|Win32.ActiveCfg = Debug|Win32
		{FC937455-0B7F-360D-B234-00C96A448F9F}.Debug|Win32.Build.0 = Debug|Win32
		{FC937455-0B7F-360D-B234-00C96A448F9F}.Release|Win32.ActiveCfg = Release|Win32
		{FC937455-0B7F-360D-B234-00C96A448F9F}.Release|Win32.Build.0 = Release|Win32
		{FC937455-0B7F-360D-B234-00C96A448F9F}.MinSizeRel|Win32.ActiveCfg = MinSizeRel|Win32
		{FC937455-0B7F-360D-B234-00C96A448F9F}.MinSizeRel|Win32.Build.0 = MinSizeRel|Win32
		{FC937455-0B7F-360D-B234-00C96A448F9F}.RelWithDebInfo|Win32.ActiveCfg = RelWithDebInfo|Win32
		{FC937455-0B7F-360D-B234-00C96A448F9F}.RelWithDebInfo|Win32.Build.0 = RelWithDebInfo|Win32
		{4F8F01E4-4C3B-386D-8390-A77D8149EE76}.Debug|Win32.ActiveCfg = Debug|Win32
		{4F8F01E4-4C3B-386D-8390-A77D8149EE76}.Debug|Win32.Build.0 = Debug|Win32
		{4F8F01E4-4C3B-386D-8390-A77D8149EE76}.Release|Win32.ActiveCfg = Release|Win32
		{4F8F01E4-4C3B-386D-8390-A77D8149EE76}.Release|Win32.Build.0 = Release|Win32
		{4F8F01E4-4C3B-386D-8390-A77D8149EE76}.MinSizeRel|Win32.ActiveCfg = MinSizeRel|Win32
		{4F8F01E4-4C3B-386D-8390-A77D8149EE76}.MinSizeRel|Win32.Build.0 = MinSizeRel|Win32
		{4F8F01E4-4C3B-386D-8390-A77D8149EE76}.RelWithDebInfo|Win32.ActiveCfg = RelWithDebInfo|Win32
		{4F8F01E4-4C3B-386D-8390-A77D8149EE76}.RelWithDebInfo|Win32.Build.0 = RelWithDebInfo|Win32
		{29DD4F30-3AE3-3396-9043-42A40C03F922}.Debug|Win32.ActiveCfg = Debug|Win32
		{29DD4F30-3AE3-3396-9043-42A40C03F922}.Debug|Win32.Build.0 = Debug|Win32
		{29DD4F30-3AE3-3396-9043-42A40C03F922}.Release|Win32.ActiveCfg = Release|Win32
		{29DD4F30-3AE3-3396-9043-42A40C03F922}.Release|Win32.Build.0 = Release|Win32
		{29DD4F30-3AE3-3396-9043-42A40C03F922}.MinSizeRel|Win32.ActiveCfg = MinSizeRel|Win32
		{29DD4F30-3AE3-3396-9043-42A40C03F922}.MinSizeRel|Win32.Build.0 = MinSizeRel|Win32
		{29DD4F30-3AE3-3396-9043-42A40C03F922}.RelWithDebInfo|Win32.ActiveCfg = RelWithDebInfo|Win32
		{29DD4F30-3AE3-3396-9043-42A40C03F922}.RelWithDebInfo|Win32.Build.0 = RelWithDebInfo|Win32
		{9E08A71A-1CDA-3841-A38C-205280E6A591}.Debug|Win32.ActiveCfg = Debug|Win32
		{9E08A71A-1CDA-3841-A38C-205280E6A591}.Debug|Win32.Build.0 = Debug|Win32
		{9E08A71A-1CDA-3841-A38C-205280E6A591}.Release|Win32.ActiveCfg = Release|Win32
		{9E08A71A-1CDA-3841-A38C-205280E6A591}.Release|Win32.Build.0 = Release|Win32
		{9E08A71A-1CDA-3841-A38C-205280E6A591}.MinSizeRel|Win32.ActiveCfg = MinSizeRel|Win32
		{9E08A71A-1CDA-3841-A38C-205280E6A591}.MinSizeRel|Win32.Build.0 = MinSizeRel|Win32
		{9E08A71A-1CDA-3841-A38C-205280E6A591}.RelWithDebInfo|Win32.ActiveCfg = RelWithDebInfo|Win32
		{9E08A71A-1CDA-3841-A38C-205280E6A591}.RelWithDebInfo|Win32.Build.0 = RelWithDebInfo|Win32
		{2F6B29BC-E8B6-3167-9D08-DA48B054043E}.Debug|Win32.ActiveCfg = Debug|Win32
		{2F6B29BC-E8B6-3167-9D08-DA48B054043E}.Debug|Win32.Build.0 = Debug|Win32
		{2F6B29BC-E8B6-3167-9D08-DA48B054043E}.Release|Win32.ActiveCfg = Release|Win32
		{2F6B29BC-E8B6-3167-9D08-DA48B054043E}.Release|Win32.Build.0 = Release|Win32
		{2F6B29BC-E8B6-3167-9D08-DA48B054043E}.MinSizeRel|Win32.ActiveCfg = MinSizeRel|Win32
		{2F6B29BC-E8B6-3167-9D08-DA48B054043E}.MinSizeRel|Win32.Build.0 = MinSizeRel|Win32
		{2F6B29BC-E8B6-3167-9D08-DA48B054043E}.RelWithDebInfo|Win32.ActiveCfg = RelWithDebInfo|Win32
		{2F6B29BC-E8B6-3167-9D08-DA48B054043E}.RelWithDebInfo|Win32.Build.0 = RelWithDebInfo|Win32
		{87197A4B-DC0F-3D4D-B2B2-43DE944F94EC}.Debug|Win32.ActiveCfg = Debug|Win32
		{87197A4B-DC0F-3D4D-B2B2-43DE944F94EC}.Debug|Win32.Build.0 = Debug|Win32
		{87197A4B-DC0F-3D4D-B2B2-43DE944F94EC}.Release|Win32.ActiveCfg = Release|Win32
		{87197A4B-DC0F-3D4D-B2B2-43DE944F94EC}.Release|Win32.Build.0 = Release|Win32
		{87197A4B-DC0F-3D4D-B2B2-43DE944F94EC}.MinSizeRel|Win32.ActiveCfg = MinSizeRel|Win32
		{87197A4B-DC0F-3D4D-B2B2-43DE944F94EC}.MinSizeRel|Win32.Build.0 = MinSizeRel|Win32
		{87197A4B-DC0F-3D4D-B2B2-43DE944F94EC}.RelWithDebInfo|Win32.ActiveCfg = RelWithDebInfo|Win32
		{87197A4B-DC0F-3D4D-B2B2-43DE944F94EC}.RelWithDebInfo|Win32.Build.0 = RelWithDebInfo|Win32
		{AE8F5553-BA4C-33CA-B5AD-3C6BA928288E}.Debug|Win32.ActiveCfg = Debug|Win32
		{AE8F5553-BA4C-33CA-B5AD-3C6BA928288E}.Debug|Win32.Build.0 = Debug|Win32
		{AE8F5553-BA4C-33CA-B5AD-3C6BA928288E}.Release|Win32.ActiveCfg = Release|Win32
		{AE8F5553-BA4C-33CA-B5AD-3C6BA928288E}.Release|Win32.Build.0 = Release|Win32
		{AE8F5553-BA4C-33CA-B5AD-3C6BA928288E}.MinSizeRel|Win32.ActiveCfg = MinSizeRel|Win32
		{AE8F5553-BA4C-33CA-B5AD-3C6BA928288E}.MinSizeRel|Win32.Build.0 = MinSizeRel|Win32
		{AE8F5553-BA4C-33CA-B5AD-3C6BA928288E}.RelWithDebInfo|Win32.ActiveCfg = RelWithDebInfo|Win32
		{AE8F5553-BA4C-33CA-B5AD-3C6BA928288E}.RelWithDebInfo|Win32.Build.0 = RelWithDebInfo|Win32
		{323DF171-BE02-3E08-B68B-B891965F84A4}.Debug|Win32.ActiveCfg = Debug|Win32
		{323DF171-BE02-3E08-B68B-B891965F84A4}.Debug|Win32.Build.0 = Debug|Win32
		{323DF171-BE02-3E08-B68B-B891965F84A4}.Release|Win32.ActiveCfg = Release|Win32
		{323DF171-BE02-3E08-B68B-B891965F84A4}.Release|Win32.Build.0 = Release|Win32
		{323DF171-BE02-3E08-B68B-B891965F84A4}.MinSizeRel|Win32.ActiveCfg = MinSizeRel|Win32
		{323DF171-BE02-3E08-B68B-B891965F84A4}.MinSizeRel|Win32.Build.0 = MinSizeRel|Win32
		{323DF171-BE02-3E08-B68B-B891965F84A4}.RelWithDebInfo|Win32.ActiveCfg = RelWithDebInfo|Win32
		{323DF171-BE02-3E08-B68B-B891965F84A4}.RelWithDebInfo|Win32.Build.0 = RelWithDebInfo|Win32
	EndGlobalSection
	GlobalSection(NestedProjects) = preSolution
		{CF3E9ECE-7A2C-3F05-B321-5500828C5A61} = {6B3D25FB-B5DE-3509-A7BD-BABB1842CB5A}
		{F8C502BC-4930-3504-BBD7-65C1F5898456} = {6B3D25FB-B5DE-3509-A7BD-BABB1842CB5A}
		{43AFC128-84D7-3304-8160-A849E3AD81BD} = {368679E5-BF65-3476-B659-F9D69566C0FD}
		{85A939BE-505E-36F0-B687-45FFD5873FEE} = {368679E5-BF65-3476-B659-F9D69566C0FD}
		{5DF980DC-3609-3EFE-A297-28EB428D5DC3} = {368679E5-BF65-3476-B659-F9D69566C0FD}
		{FC937455-0B7F-360D-B234-00C96A448F9F} = {368679E5-BF65-3476-B659-F9D69566C0FD}
		{4F8F01E4-4C3B-386D-8390-A77D8149EE76} = {368679E5-BF65-3476-B659-F9D69566C0FD}
		{29DD4F30-3AE3-3396-9043-42A40C03F922} = {368679E5-BF65-3476-B659-F9D69566C0FD}
		{9E08A71A-1CDA-3841-A38C-205280E6A591} = {368679E5-BF65-3476-B659-F9D69566C0FD}
		{2F6B29BC-E8B6-3167-9D08-DA48B054043E} = {368679E5-BF65-3476-B659-F9D69566C0FD}
		{87197A4B-DC0F-3D4D-B2B2-43DE944F94EC} = {368679E5-BF65-3476-B659-F9D69566C0FD}
		{AE8F5553-BA4C-33CA-B5AD-3C6BA928288E} = {368679E5-BF65-3476-B659-F9D69566C0FD}
		{323DF171-BE02-3E08-B68B-B891965F84A4} = {368679E5-BF65-3476-B659-F9D69566C0FD}
		{7047961B-5097-308A-9973-4CD37C512672} = {007A64EF-5303-3F53-A74C-3D78A3B65FF9}
	EndGlobalSection
	GlobalSection(ExtensibilityGlobals) = postSolution
		SolutionGuid = {D498803E-656C-3DE1-86BA-8165D7307730}
	EndGlobalSection
	GlobalSection(ExtensibilityAddIns) = postSolution
	EndGlobalSection
EndGlobal
