<?xml version="1.0" encoding="utf-8"?>
<Project ToolsVersion="17.0" xmlns="http://schemas.microsoft.com/developer/msbuild/2003">
  <ItemGroup>
    <ClCompile Include="C:\Users\JV\Documents\Cocos\Projects\NineMensMorris\src\Classes\AppDelegate.cpp">
      <Filter>Source Files\Classes</Filter>
    </ClCompile>
    <ClCompile Include="C:\Users\JV\Documents\Cocos\Projects\NineMensMorris\src\Classes\HelloWorldScene.cpp">
      <Filter>Source Files\Classes</Filter>
    </ClCompile>
    <ClCompile Include="C:\Users\JV\Documents\Cocos\Projects\NineMensMorris\src\proj.win32\main.cpp">
      <Filter>Source Files\proj.win32</Filter>
    </ClCompile>
    <ClCompile Include="C:\Users\JV\Documents\Cocos\Projects\NineMensMorris\src\cocos2d\cocos\precheader.cpp">
      <Filter>Source Files</Filter>
    </ClCompile>
    <ClCompile Include="BackgroundLayer.cpp">
      <Filter>Source Files\Classes\Background</Filter>
    </ClCompile>
    <ClCompile Include="Intersections.cpp">
      <Filter>Source Files\Classes\Positioning</Filter>
    </ClCompile>
    <ClCompile Include="MainMenu.cpp">
      <Filter>Source Files\Classes\Scene</Filter>
    </ClCompile>
    <ClCompile Include="SplashScene.cpp">
      <Filter>Source Files\Classes\Scene</Filter>
    </ClCompile>
    <ClCompile Include="GameScene.cpp">
      <Filter>Source Files\Classes\Scene</Filter>
    </ClCompile>
    <ClCompile Include="GameStateMachine.cpp">
      <Filter>Source Files\Classes\Management</Filter>
    </ClCompile>
    <ClCompile Include="PlacementState.cpp">
      <Filter>Source Files\Classes\Management</Filter>
    </ClCompile>
    <ClCompile Include="Player.cpp">
      <Filter>Source Files\Classes\Elements</Filter>
    </ClCompile>
    <ClCompile Include="Piece.cpp">
      <Filter>Source Files\Classes\Elements</Filter>
    </ClCompile>
    <ClCompile Include="Position.cpp">
      <Filter>Source Files\Classes\Elements</Filter>
    </ClCompile>
    <ClCompile Include="BoardManagement.cpp">
      <Filter>Source Files\Classes\Management</Filter>
    </ClCompile>
    <ClCompile Include="TouchManagement.cpp">
      <Filter>Source Files\Classes\Management</Filter>
    </ClCompile>
  </ItemGroup>
  <ItemGroup>
    <ClInclude Include="C:\Users\JV\Documents\Cocos\Projects\NineMensMorris\src\Classes\AppDelegate.h">
      <Filter>Source Files\Classes</Filter>
    </ClInclude>
    <ClInclude Include="C:\Users\JV\Documents\Cocos\Projects\NineMensMorris\src\Classes\HelloWorldScene.h">
      <Filter>Source Files\Classes</Filter>
    </ClInclude>
    <ClInclude Include="C:\Users\JV\Documents\Cocos\Projects\NineMensMorris\src\proj.win32\main.h">
      <Filter>Source Files\proj.win32</Filter>
    </ClInclude>
    <ClInclude Include="C:\Users\JV\Documents\Cocos\Projects\NineMensMorris\src\proj.win32\resource.h">
      <Filter>Source Files\proj.win32</Filter>
    </ClInclude>
    <ClInclude Include="C:\Users\JV\Documents\Cocos\Projects\NineMensMorris\src\Resources\CloseNormal.png">
      <Filter>Resources</Filter>
    </ClInclude>
    <ClInclude Include="C:\Users\JV\Documents\Cocos\Projects\NineMensMorris\src\Resources\CloseSelected.png">
      <Filter>Resources</Filter>
    </ClInclude>
    <ClInclude Include="C:\Users\JV\Documents\Cocos\Projects\NineMensMorris\src\Resources\HelloWorld.png">
      <Filter>Resources</Filter>
    </ClInclude>
    <ClInclude Include="C:\Users\JV\Documents\Cocos\Projects\NineMensMorris\src\Resources\fonts\Marker Felt.ttf">
      <Filter>Resources\fonts</Filter>
    </ClInclude>
    <ClInclude Include="C:\Users\JV\Documents\Cocos\Projects\NineMensMorris\src\Resources\fonts\arial.ttf">
      <Filter>Resources\fonts</Filter>
    </ClInclude>
    <ClInclude Include="C:\Users\JV\Documents\Cocos\Projects\NineMensMorris\src\Resources\res\.gitkeep">
      <Filter>Resources\res</Filter>
    </ClInclude>
    <ClInclude Include="BackgroundLayer.h">
      <Filter>Source Files\Classes\Background</Filter>
    </ClInclude>
    <ClInclude Include="Intersections.h">
      <Filter>Source Files\Classes\Positioning</Filter>
    </ClInclude>
    <ClInclude Include="MainMenu.h">
      <Filter>Source Files\Classes\Scene</Filter>
    </ClInclude>
    <ClInclude Include="SplashScene.h">
      <Filter>Source Files\Classes\Scene</Filter>
    </ClInclude>
    <ClInclude Include="Definitions.h">
      <Filter>Source Files\Classes\Utils</Filter>
    </ClInclude>
    <ClInclude Include="GameScene.h">
      <Filter>Source Files\Classes\Scene</Filter>
    </ClInclude>
    <ClInclude Include="GameStateMachine.h">
      <Filter>Source Files\Classes\Management</Filter>
    </ClInclude>
    <ClInclude Include="BaseState.h">
      <Filter>Source Files\Classes\Management</Filter>
    </ClInclude>
    <ClInclude Include="PlacementState.h">
      <Filter>Source Files\Classes\Management</Filter>
    </ClInclude>
    <ClInclude Include="Player.h">
      <Filter>Source Files\Classes\Elements</Filter>
    </ClInclude>
    <ClInclude Include="Piece.h">
      <Filter>Source Files\Classes\Elements</Filter>
    </ClInclude>
    <ClInclude Include="Position.h">
      <Filter>Source Files\Classes\Elements</Filter>
    </ClInclude>
    <ClInclude Include="BoardManagement.h">
      <Filter>Source Files\Classes\Management</Filter>
    </ClInclude>
    <ClInclude Include="TouchManagement.h">
      <Filter>Source Files\Classes\Management</Filter>
    </ClInclude>
  </ItemGroup>
  <ItemGroup>
    <CustomBuild Include="C:\Users\JV\Documents\Cocos\Projects\NineMensMorris\src\CMakeLists.txt" />
  </ItemGroup>
  <ItemGroup>
    <ResourceCompile Include="C:\Users\JV\Documents\Cocos\Projects\NineMensMorris\src\proj.win32\game.rc">
      <Filter>Source Files\proj.win32</Filter>
    </ResourceCompile>
  </ItemGroup>
  <ItemGroup>
    <Filter Include="Resources">
      <UniqueIdentifier>{D71A69E7-3922-35FB-906B-1B8CA6170363}</UniqueIdentifier>
    </Filter>
    <Filter Include="Resources\fonts">
      <UniqueIdentifier>{26D6F046-41D0-318B-AAC7-614EDFB1719E}</UniqueIdentifier>
    </Filter>
    <Filter Include="Resources\res">
      <UniqueIdentifier>{5D51BFC8-6CB5-3F62-80D7-49890825236E}</UniqueIdentifier>
    </Filter>
    <Filter Include="Source Files">
      <UniqueIdentifier>{B51840D8-1F2B-31F6-97C9-E14CCC3DB55C}</UniqueIdentifier>
    </Filter>
    <Filter Include="Source Files\Classes">
      <UniqueIdentifier>{BEC2B8F4-395E-303F-9C36-80DD8F4DF60F}</UniqueIdentifier>
    </Filter>
    <Filter Include="Source Files\proj.win32">
      <UniqueIdentifier>{E08B0C57-AF98-3630-919D-DC7102FD24ED}</UniqueIdentifier>
    </Filter>
    <Filter Include="Source Files\Classes\Background">
      <UniqueIdentifier>{54c3963e-23ff-453c-92a5-ebbb80680296}</UniqueIdentifier>
    </Filter>
    <Filter Include="Resources\textures">
      <UniqueIdentifier>{0873bb9c-929d-42b6-831e-aada6cb703a5}</UniqueIdentifier>
    </Filter>
    <Filter Include="Source Files\Classes\Positioning">
      <UniqueIdentifier>{20df7298-4f35-4e3e-a4e1-96ce09677b3a}</UniqueIdentifier>
    </Filter>
    <Filter Include="Source Files\Classes\Scene">
      <UniqueIdentifier>{7ed80a8f-2cb5-4de1-b87c-f552090cad48}</UniqueIdentifier>
    </Filter>
    <Filter Include="Source Files\Classes\Utils">
      <UniqueIdentifier>{02c1890a-73c2-4def-9094-ecd8cbcdef44}</UniqueIdentifier>
    </Filter>
    <Filter Include="Source Files\Classes\Management">
      <UniqueIdentifier>{b824dc9b-f2da-40a0-af17-4f6e7357efc1}</UniqueIdentifier>
    </Filter>
    <Filter Include="Source Files\Classes\Elements">
      <UniqueIdentifier>{cc932f5a-bb15-4a2b-b203-0dd0978cfc1c}</UniqueIdentifier>
    </Filter>
  </ItemGroup>
  <ItemGroup>
    <Image Include="bin\src\Debug\Resources\textures\backgroundTexture.png">
      <Filter>Resources\textures</Filter>
    </Image>
    <Image Include="bin\src\Debug\Resources\textures\mainMenuBackground.png">
      <Filter>Resources\textures</Filter>
    </Image>
    <Image Include="bin\src\Debug\Resources\textures\splashScene.png">
      <Filter>Resources\textures</Filter>
    </Image>
    <Image Include="bin\src\Debug\Resources\textures\1v1.png">
      <Filter>Resources\textures</Filter>
    </Image>
    <Image Include="bin\src\Debug\Resources\textures\backButton.png">
      <Filter>Resources\textures</Filter>
    </Image>
    <Image Include="bin\src\Debug\Resources\textures\tokenPosition.png">
      <Filter>Resources\textures</Filter>
    </Image>
  </ItemGroup>
</Project>